
Microsoft Visual Studio Solution File, Format Version 12.00
# Visual Studio Version 17
VisualStudioVersion = 17.5.002.0
MinimumVisualStudioVersion = 10.0.40219.1
Project("{9A19103F-16F7-4668-BE54-9A1E7A4F7556}") = "ProjectC", "ProjectC.csproj", "{C5BF8C76-0895-4A5D-AE36-5C8D40E0E93E}"
EndProject
Global
	GlobalSection(SolutionConfigurationPlatforms) = preSolution
		Debug|Any CPU = Debug|Any CPU
		Release|Any CPU = Release|Any CPU
	EndGlobalSection
	GlobalSection(ProjectConfigurationPlatforms) = postSolution
		{C5BF8C76-0895-4A5D-AE36-5C8D40E0E93E}.Debug|Any CPU.ActiveCfg = Debug|Any CPU
		{C5BF8C76-0895-4A5D-AE36-5C8D40E0E93E}.Debug|Any CPU.Build.0 = Debug|Any CPU
		{C5BF8C76-0895-4A5D-AE36-5C8D40E0E93E}.Release|Any CPU.ActiveCfg = Release|Any CPU
		{C5BF8C76-0895-4A5D-AE36-5C8D40E0E93E}.Release|Any CPU.Build.0 = Release|Any CPU
	EndGlobalSection
	GlobalSection(SolutionProperties) = preSolution
		HideSolutionNode = FALSE
	EndGlobalSection
	GlobalSection(ExtensibilityGlobals) = postSolution
		SolutionGuid = {2C173550-2C38-476D-90E1-7A0B9F60E6EE}
	EndGlobalSection
EndGlobal
